// !$*UTF8*$!
{
	archiveVersion = 1;
	classes = {
	};
	objectVersion = 46;
	objects = {

/* Begin PBXBuildFile section */
		192DAA9D4403139599A7C703 /* Pods_ChatApp.framework in Frameworks */ = {isa = PBXBuildFile; fileRef = B41674D2B796057085DEA0B4 /* Pods_ChatApp.framework */; };
		E628E41F1E8D09CA004983CD /* NewMessageController.swift in Sources */ = {isa = PBXBuildFile; fileRef = E628E41E1E8D09CA004983CD /* NewMessageController.swift */; };
		E628E4221E8D09DC004983CD /* User.swift in Sources */ = {isa = PBXBuildFile; fileRef = E628E4211E8D09DC004983CD /* User.swift */; };
		E66EB71C1E86AC12009D0223 /* AppDelegate.swift in Sources */ = {isa = PBXBuildFile; fileRef = E66EB71B1E86AC12009D0223 /* AppDelegate.swift */; };
		E66EB71E1E86AC12009D0223 /* MessageController.swift in Sources */ = {isa = PBXBuildFile; fileRef = E66EB71D1E86AC12009D0223 /* MessageController.swift */; };
		E66EB7211E86AC12009D0223 /* Main.storyboard in Resources */ = {isa = PBXBuildFile; fileRef = E66EB71F1E86AC12009D0223 /* Main.storyboard */; };
		E66EB7241E86AC12009D0223 /* ChatApp.xcdatamodeld in Sources */ = {isa = PBXBuildFile; fileRef = E66EB7221E86AC12009D0223 /* ChatApp.xcdatamodeld */; };
		E66EB7261E86AC12009D0223 /* Assets.xcassets in Resources */ = {isa = PBXBuildFile; fileRef = E66EB7251E86AC12009D0223 /* Assets.xcassets */; };
		E66EB7291E86AC12009D0223 /* LaunchScreen.storyboard in Resources */ = {isa = PBXBuildFile; fileRef = E66EB7271E86AC12009D0223 /* LaunchScreen.storyboard */; };
		E66EB7311E86AD76009D0223 /* LoginViewController.swift in Sources */ = {isa = PBXBuildFile; fileRef = E66EB7301E86AD76009D0223 /* LoginViewController.swift */; };
		E66EB7351E87CE22009D0223 /* GoogleService-Info.plist in Resources */ = {isa = PBXBuildFile; fileRef = E66EB7341E87CE22009D0223 /* GoogleService-Info.plist */; };
/* End PBXBuildFile section */

/* Begin PBXFileReference section */
		B41674D2B796057085DEA0B4 /* Pods_ChatApp.framework */ = {isa = PBXFileReference; explicitFileType = wrapper.framework; includeInIndex = 0; path = Pods_ChatApp.framework; sourceTree = BUILT_PRODUCTS_DIR; };
		D68C1161A29C080C7CF4385C /* Pods-ChatApp.debug.xcconfig */ = {isa = PBXFileReference; includeInIndex = 1; lastKnownFileType = text.xcconfig; name = "Pods-ChatApp.debug.xcconfig"; path = "Pods/Target Support Files/Pods-ChatApp/Pods-ChatApp.debug.xcconfig"; sourceTree = "<group>"; };
		E628E41E1E8D09CA004983CD /* NewMessageController.swift */ = {isa = PBXFileReference; fileEncoding = 4; lastKnownFileType = sourcecode.swift; path = NewMessageController.swift; sourceTree = "<group>"; };
		E628E4211E8D09DC004983CD /* User.swift */ = {isa = PBXFileReference; fileEncoding = 4; lastKnownFileType = sourcecode.swift; path = User.swift; sourceTree = "<group>"; };
		E66EB7181E86AC11009D0223 /* ChatApp.app */ = {isa = PBXFileReference; explicitFileType = wrapper.application; includeInIndex = 0; path = ChatApp.app; sourceTree = BUILT_PRODUCTS_DIR; };
		E66EB71B1E86AC12009D0223 /* AppDelegate.swift */ = {isa = PBXFileReference; lastKnownFileType = sourcecode.swift; path = AppDelegate.swift; sourceTree = "<group>"; };
		E66EB71D1E86AC12009D0223 /* MessageController.swift */ = {isa = PBXFileReference; lastKnownFileType = sourcecode.swift; path = MessageController.swift; sourceTree = "<group>"; };
		E66EB7201E86AC12009D0223 /* Base */ = {isa = PBXFileReference; lastKnownFileType = file.storyboard; name = Base; path = Base.lproj/Main.storyboard; sourceTree = "<group>"; };
		E66EB7231E86AC12009D0223 /* ChatApp.xcdatamodel */ = {isa = PBXFileReference; lastKnownFileType = wrapper.xcdatamodel; path = ChatApp.xcdatamodel; sourceTree = "<group>"; };
		E66EB7251E86AC12009D0223 /* Assets.xcassets */ = {isa = PBXFileReference; lastKnownFileType = folder.assetcatalog; path = Assets.xcassets; sourceTree = "<group>"; };
		E66EB7281E86AC12009D0223 /* Base */ = {isa = PBXFileReference; lastKnownFileType = file.storyboard; name = Base; path = Base.lproj/LaunchScreen.storyboard; sourceTree = "<group>"; };
		E66EB72A1E86AC12009D0223 /* Info.plist */ = {isa = PBXFileReference; lastKnownFileType = text.plist.xml; path = Info.plist; sourceTree = "<group>"; };
		E66EB7301E86AD76009D0223 /* LoginViewController.swift */ = {isa = PBXFileReference; fileEncoding = 4; lastKnownFileType = sourcecode.swift; path = LoginViewController.swift; sourceTree = "<group>"; };
		E66EB7341E87CE22009D0223 /* GoogleService-Info.plist */ = {isa = PBXFileReference; fileEncoding = 4; lastKnownFileType = text.plist.xml; path = "GoogleService-Info.plist"; sourceTree = "<group>"; };
		EA01D446E736DCA12755A974 /* Pods-ChatApp.release.xcconfig */ = {isa = PBXFileReference; includeInIndex = 1; lastKnownFileType = text.xcconfig; name = "Pods-ChatApp.release.xcconfig"; path = "Pods/Target Support Files/Pods-ChatApp/Pods-ChatApp.release.xcconfig"; sourceTree = "<group>"; };
/* End PBXFileReference section */

/* Begin PBXFrameworksBuildPhase section */
		E66EB7151E86AC11009D0223 /* Frameworks */ = {
			isa = PBXFrameworksBuildPhase;
			buildActionMask = 2147483647;
			files = (
				192DAA9D4403139599A7C703 /* Pods_ChatApp.framework in Frameworks */,
			);
			runOnlyForDeploymentPostprocessing = 0;
		};
/* End PBXFrameworksBuildPhase section */

/* Begin PBXGroup section */
		B4ED4587D0652D38559F772F /* Pods */ = {
			isa = PBXGroup;
			children = (
				D68C1161A29C080C7CF4385C /* Pods-ChatApp.debug.xcconfig */,
				EA01D446E736DCA12755A974 /* Pods-ChatApp.release.xcconfig */,
			);
			name = Pods;
			sourceTree = "<group>";
		};
		E628E4201E8D09D0004983CD /* Model */ = {
			isa = PBXGroup;
			children = (
				E628E4211E8D09DC004983CD /* User.swift */,
			);
			name = Model;
			sourceTree = "<group>";
		};
		E66EB70F1E86AC11009D0223 = {
			isa = PBXGroup;
			children = (
				E66EB71A1E86AC11009D0223 /* ChatApp */,
				E66EB7191E86AC11009D0223 /* Products */,
				B4ED4587D0652D38559F772F /* Pods */,
				E6989B7ADF001746E66296DD /* Frameworks */,
			);
			sourceTree = "<group>";
		};
		E66EB7191E86AC11009D0223 /* Products */ = {
			isa = PBXGroup;
			children = (
				E66EB7181E86AC11009D0223 /* ChatApp.app */,
			);
			name = Products;
			sourceTree = "<group>";
		};
		E66EB71A1E86AC11009D0223 /* ChatApp */ = {
			isa = PBXGroup;
			children = (
				E628E4201E8D09D0004983CD /* Model */,
				E66EB7321E86AD7C009D0223 /* Controllers */,
				E66EB71B1E86AC12009D0223 /* AppDelegate.swift */,
				E66EB7331E86AD8F009D0223 /* Supporting files */,
			);
			path = ChatApp;
			sourceTree = "<group>";
		};
		E66EB7321E86AD7C009D0223 /* Controllers */ = {
			isa = PBXGroup;
			children = (
				E66EB7301E86AD76009D0223 /* LoginViewController.swift */,
				E66EB71D1E86AC12009D0223 /* MessageController.swift */,
				E628E41E1E8D09CA004983CD /* NewMessageController.swift */,
			);
			name = Controllers;
			sourceTree = "<group>";
		};
		E66EB7331E86AD8F009D0223 /* Supporting files */ = {
			isa = PBXGroup;
			children = (
				E66EB71F1E86AC12009D0223 /* Main.storyboard */,
				E66EB7251E86AC12009D0223 /* Assets.xcassets */,
				E66EB7271E86AC12009D0223 /* LaunchScreen.storyboard */,
				E66EB72A1E86AC12009D0223 /* Info.plist */,
				E66EB7221E86AC12009D0223 /* ChatApp.xcdatamodeld */,
				E66EB7341E87CE22009D0223 /* GoogleService-Info.plist */,
			);
			name = "Supporting files";
			sourceTree = "<group>";
		};
		E6989B7ADF001746E66296DD /* Frameworks */ = {
			isa = PBXGroup;
			children = (
				B41674D2B796057085DEA0B4 /* Pods_ChatApp.framework */,
			);
			name = Frameworks;
			sourceTree = "<group>";
		};
/* End PBXGroup section */

/* Begin PBXNativeTarget section */
		E66EB7171E86AC11009D0223 /* ChatApp */ = {
			isa = PBXNativeTarget;
			buildConfigurationList = E66EB72D1E86AC12009D0223 /* Build configuration list for PBXNativeTarget "ChatApp" */;
			buildPhases = (
				7FB55D57E72122DA5D2B8B18 /* [CP] Check Pods Manifest.lock */,
				E66EB7141E86AC11009D0223 /* Sources */,
				E66EB7151E86AC11009D0223 /* Frameworks */,
				E66EB7161E86AC11009D0223 /* Resources */,
				2AC60FABADCBD10BF085B7E3 /* [CP] Embed Pods Frameworks */,
				FA870A92EE7E10F7CB809E91 /* [CP] Copy Pods Resources */,
			);
			buildRules = (
			);
			dependencies = (
			);
			name = ChatApp;
			productName = ChatApp;
			productReference = E66EB7181E86AC11009D0223 /* ChatApp.app */;
			productType = "com.apple.product-type.application";
		};
/* End PBXNativeTarget section */

/* Begin PBXProject section */
		E66EB7101E86AC11009D0223 /* Project object */ = {
			isa = PBXProject;
			attributes = {
				LastSwiftUpdateCheck = 0820;
				LastUpgradeCheck = 0820;
				ORGANIZATIONNAME = traban;
				TargetAttributes = {
					E66EB7171E86AC11009D0223 = {
						CreatedOnToolsVersion = 8.2.1;
						ProvisioningStyle = Automatic;
					};
				};
			};
			buildConfigurationList = E66EB7131E86AC11009D0223 /* Build configuration list for PBXProject "ChatApp" */;
			compatibilityVersion = "Xcode 3.2";
			developmentRegion = English;
			hasScannedForEncodings = 0;
			knownRegions = (
				en,
				Base,
			);
			mainGroup = E66EB70F1E86AC11009D0223;
			productRefGroup = E66EB7191E86AC11009D0223 /* Products */;
			projectDirPath = "";
			projectRoot = "";
			targets = (
				E66EB7171E86AC11009D0223 /* ChatApp */,
			);
		};
/* End PBXProject section */

/* Begin PBXResourcesBuildPhase section */
		E66EB7161E86AC11009D0223 /* Resources */ = {
			isa = PBXResourcesBuildPhase;
			buildActionMask = 2147483647;
			files = (
				E66EB7291E86AC12009D0223 /* LaunchScreen.storyboard in Resources */,
				E66EB7351E87CE22009D0223 /* GoogleService-Info.plist in Resources */,
				E66EB7261E86AC12009D0223 /* Assets.xcassets in Resources */,
				E66EB7211E86AC12009D0223 /* Main.storyboard in Resources */,
			);
			runOnlyForDeploymentPostprocessing = 0;
		};
/* End PBXResourcesBuildPhase section */

/* Begin PBXShellScriptBuildPhase section */
		2AC60FABADCBD10BF085B7E3 /* [CP] Embed Pods Frameworks */ = {
			isa = PBXShellScriptBuildPhase;
			buildActionMask = 2147483647;
			files = (
			);
			inputPaths = (
			);
			name = "[CP] Embed Pods Frameworks";
			outputPaths = (
			);
			runOnlyForDeploymentPostprocessing = 0;
			shellPath = /bin/sh;
			shellScript = "\"${SRCROOT}/Pods/Target Support Files/Pods-ChatApp/Pods-ChatApp-frameworks.sh\"\n";
			showEnvVarsInLog = 0;
		};
		7FB55D57E72122DA5D2B8B18 /* [CP] Check Pods Manifest.lock */ = {
			isa = PBXShellScriptBuildPhase;
			buildActionMask = 2147483647;
			files = (
			);
			inputPaths = (
			);
			name = "[CP] Check Pods Manifest.lock";
			outputPaths = (
			);
			runOnlyForDeploymentPostprocessing = 0;
			shellPath = /bin/sh;
			shellScript = "diff \"${PODS_ROOT}/../Podfile.lock\" \"${PODS_ROOT}/Manifest.lock\" > /dev/null\nif [ $? != 0 ] ; then\n    # print error to STDERR\n    echo \"error: The sandbox is not in sync with the Podfile.lock. Run 'pod install' or update your CocoaPods installation.\" >&2\n    exit 1\nfi\n";
			showEnvVarsInLog = 0;
		};
		FA870A92EE7E10F7CB809E91 /* [CP] Copy Pods Resources */ = {
			isa = PBXShellScriptBuildPhase;
			buildActionMask = 2147483647;
			files = (
			);
			inputPaths = (
			);
			name = "[CP] Copy Pods Resources";
			outputPaths = (
			);
			runOnlyForDeploymentPostprocessing = 0;
			shellPath = /bin/sh;
			shellScript = "\"${SRCROOT}/Pods/Target Support Files/Pods-ChatApp/Pods-ChatApp-resources.sh\"\n";
			showEnvVarsInLog = 0;
		};
/* End PBXShellScriptBuildPhase section */

/* Begin PBXSourcesBuildPhase section */
		E66EB7141E86AC11009D0223 /* Sources */ = {
			isa = PBXSourcesBuildPhase;
			buildActionMask = 2147483647;
			files = (
				E66EB7311E86AD76009D0223 /* LoginViewController.swift in Sources */,
				E628E41F1E8D09CA004983CD /* NewMessageController.swift in Sources */,
				E628E4221E8D09DC004983CD /* User.swift in Sources */,
				E66EB7241E86AC12009D0223 /* ChatApp.xcdatamodeld in Sources */,
				E66EB71E1E86AC12009D0223 /* MessageController.swift in Sources */,
				E66EB71C1E86AC12009D0223 /* AppDelegate.swift in Sources */,
			);
			runOnlyForDeploymentPostprocessing = 0;
		};
/* End PBXSourcesBuildPhase section */

/* Begin PBXVariantGroup section */
		E66EB71F1E86AC12009D0223 /* Main.storyboard */ = {
			isa = PBXVariantGroup;
			children = (
				E66EB7201E86AC12009D0223 /* Base */,
			);
			name = Main.storyboard;
			sourceTree = "<group>";
		};
		E66EB7271E86AC12009D0223 /* LaunchScreen.storyboard */ = {
			isa = PBXVariantGroup;
			children = (
				E66EB7281E86AC12009D0223 /* Base */,
			);
			name = LaunchScreen.storyboard;
			sourceTree = "<group>";
		};
/* End PBXVariantGroup section */

/* Begin XCBuildConfiguration section */
		E66EB72B1E86AC12009D0223 /* Debug */ = {
			isa = XCBuildConfiguration;
			buildSettings = {
				ALWAYS_SEARCH_USER_PATHS = NO;
				CLANG_ANALYZER_NONNULL = YES;
				CLANG_CXX_LANGUAGE_STANDARD = "gnu++0x";
				CLANG_CXX_LIBRARY = "libc++";
				CLANG_ENABLE_MODULES = YES;
				CLANG_ENABLE_OBJC_ARC = YES;
				CLANG_WARN_BOOL_CONVERSION = YES;
				CLANG_WARN_CONSTANT_CONVERSION = YES;
				CLANG_WARN_DIRECT_OBJC_ISA_USAGE = YES_ERROR;
				CLANG_WARN_DOCUMENTATION_COMMENTS = YES;
				CLANG_WARN_EMPTY_BODY = YES;
				CLANG_WARN_ENUM_CONVERSION = YES;
				CLANG_WARN_INFINITE_RECURSION = YES;
				CLANG_WARN_INT_CONVERSION = YES;
				CLANG_WARN_OBJC_ROOT_CLASS = YES_ERROR;
				CLANG_WARN_SUSPICIOUS_MOVE = YES;
				CLANG_WARN_UNREACHABLE_CODE = YES;
				CLANG_WARN__DUPLICATE_METHOD_MATCH = YES;
				"CODE_SIGN_IDENTITY[sdk=iphoneos*]" = "iPhone Developer";
				COPY_PHASE_STRIP = NO;
				DEBUG_INFORMATION_FORMAT = dwarf;
				ENABLE_STRICT_OBJC_MSGSEND = YES;
				ENABLE_TESTABILITY = YES;
				GCC_C_LANGUAGE_STANDARD = gnu99;
				GCC_DYNAMIC_NO_PIC = NO;
				GCC_NO_COMMON_BLOCKS = YES;
				GCC_OPTIMIZATION_LEVEL = 0;
				GCC_PREPROCESSOR_DEFINITIONS = (
					"DEBUG=1",
					"$(inherited)",
				);
				GCC_WARN_64_TO_32_BIT_CONVERSION = YES;
				GCC_WARN_ABOUT_RETURN_TYPE = YES_ERROR;
				GCC_WARN_UNDECLARED_SELECTOR = YES;
				GCC_WARN_UNINITIALIZED_AUTOS = YES_AGGRESSIVE;
				GCC_WARN_UNUSED_FUNCTION = YES;
				GCC_WARN_UNUSED_VARIABLE = YES;
				IPHONEOS_DEPLOYMENT_TARGET = 10.2;
				MTL_ENABLE_DEBUG_INFO = YES;
				ONLY_ACTIVE_ARCH = YES;
				SDKROOT = iphoneos;
				SWIFT_ACTIVE_COMPILATION_CONDITIONS = DEBUG;
				SWIFT_OPTIMIZATION_LEVEL = "-Onone";
			};
			name = Debug;
		};
		E66EB72C1E86AC12009D0223 /* Release */ = {
			isa = XCBuildConfiguration;
			buildSettings = {
				ALWAYS_SEARCH_USER_PATHS = NO;
				CLANG_ANALYZER_NONNULL = YES;
				CLANG_CXX_LANGUAGE_STANDARD = "gnu++0x";
				CLANG_CXX_LIBRARY = "libc++";
				CLANG_ENABLE_MODULES = YES;
				CLANG_ENABLE_OBJC_ARC = YES;
				CLANG_WARN_BOOL_CONVERSION = YES;
				CLANG_WARN_CONSTANT_CONVERSION = YES;
				CLANG_WARN_DIRECT_OBJC_ISA_USAGE = YES_ERROR;
				CLANG_WARN_DOCUMENTATION_COMMENTS = YES;
				CLANG_WARN_EMPTY_BODY = YES;
				CLANG_WARN_ENUM_CONVERSION = YES;
				CLANG_WARN_INFINITE_RECURSION = YES;
				CLANG_WARN_INT_CONVERSION = YES;
				CLANG_WARN_OBJC_ROOT_CLASS = YES_ERROR;
				CLANG_WARN_SUSPICIOUS_MOVE = YES;
				CLANG_WARN_UNREACHABLE_CODE = YES;
				CLANG_WARN__DUPLICATE_METHOD_MATCH = YES;
				"CODE_SIGN_IDENTITY[sdk=iphoneos*]" = "iPhone Developer";
				COPY_PHASE_STRIP = NO;
				DEBUG_INFORMATION_FORMAT = "dwarf-with-dsym";
				ENABLE_NS_ASSERTIONS = NO;
				ENABLE_STRICT_OBJC_MSGSEND = YES;
				GCC_C_LANGUAGE_STANDARD = gnu99;
				GCC_NO_COMMON_BLOCKS = YES;
				GCC_WARN_64_TO_32_BIT_CONVERSION = YES;
				GCC_WARN_ABOUT_RETURN_TYPE = YES_ERROR;
				GCC_WARN_UNDECLARED_SELECTOR = YES;
				GCC_WARN_UNINITIALIZED_AUTOS = YES_AGGRESSIVE;
				GCC_WARN_UNUSED_FUNCTION = YES;
				GCC_WARN_UNUSED_VARIABLE = YES;
				IPHONEOS_DEPLOYMENT_TARGET = 10.2;
				MTL_ENABLE_DEBUG_INFO = NO;
				SDKROOT = iphoneos;
				SWIFT_OPTIMIZATION_LEVEL = "-Owholemodule";
				VALIDATE_PRODUCT = YES;
			};
			name = Release;
		};
		E66EB72E1E86AC12009D0223 /* Debug */ = {
			isa = XCBuildConfiguration;
			baseConfigurationReference = D68C1161A29C080C7CF4385C /* Pods-ChatApp.debug.xcconfig */;
			buildSettings = {
				ASSETCATALOG_COMPILER_APPICON_NAME = AppIcon;
				INFOPLIST_FILE = ChatApp/Info.plist;
				LD_RUNPATH_SEARCH_PATHS = "$(inherited) @executable_path/Frameworks";
				PRODUCT_BUNDLE_IDENTIFIER = com.epam.ChatApp;
				PRODUCT_NAME = "$(TARGET_NAME)";
				SWIFT_VERSION = 3.0;
			};
			name = Debug;
		};
		E66EB72F1E86AC12009D0223 /* Release */ = {
			isa = XCBuildConfiguration;
			baseConfigurationReference = EA01D446E736DCA12755A974 /* Pods-ChatApp.release.xcconfig */;
			buildSettings = {
				ASSETCATALOG_COMPILER_APPICON_NAME = AppIcon;
				INFOPLIST_FILE = ChatApp/Info.plist;
				LD_RUNPATH_SEARCH_PATHS = "$(inherited) @executable_path/Frameworks";
				PRODUCT_BUNDLE_IDENTIFIER = com.epam.ChatApp;
				PRODUCT_NAME = "$(TARGET_NAME)";
				SWIFT_VERSION = 3.0;
			};
			name = Release;
		};
/* End XCBuildConfiguration section */

/* Begin XCConfigurationList section */
		E66EB7131E86AC11009D0223 /* Build configuration list for PBXProject "ChatApp" */ = {
			isa = XCConfigurationList;
			buildConfigurations = (
				E66EB72B1E86AC12009D0223 /* Debug */,
				E66EB72C1E86AC12009D0223 /* Release */,
			);
			defaultConfigurationIsVisible = 0;
			defaultConfigurationName = Release;
		};
		E66EB72D1E86AC12009D0223 /* Build configuration list for PBXNativeTarget "ChatApp" */ = {
			isa = XCConfigurationList;
			buildConfigurations = (
				E66EB72E1E86AC12009D0223 /* Debug */,
				E66EB72F1E86AC12009D0223 /* Release */,
			);
			defaultConfigurationIsVisible = 0;
			defaultConfigurationName = Release;
		};
/* End XCConfigurationList section */

/* Begin XCVersionGroup section */
		E66EB7221E86AC12009D0223 /* ChatApp.xcdatamodeld */ = {
			isa = XCVersionGroup;
			children = (
				E66EB7231E86AC12009D0223 /* ChatApp.xcdatamodel */,
			);
			currentVersion = E66EB7231E86AC12009D0223 /* ChatApp.xcdatamodel */;
			path = ChatApp.xcdatamodeld;
			sourceTree = "<group>";
			versionGroupType = wrapper.xcdatamodel;
		};
/* End XCVersionGroup section */
	};
	rootObject = E66EB7101E86AC11009D0223 /* Project object */;
}
